
Microsoft Visual Studio Solution File, Format Version 12.00
# Visual Studio Version 16
VisualStudioVersion = 16.0.30621.155
MinimumVisualStudioVersion = 10.0.40219.1
Project("{9A19103F-16F7-4668-BE54-9A1E7A4F7556}") = "Freestylecoding.MockDatabase", "Freestylecoding.MockDatabase\Freestylecoding.MockDatabase.csproj", "{690456DA-11C6-4C63-A599-F586DFC0C038}"
EndProject
Project("{FAE04EC0-301F-11D3-BF4B-00C04F79EFBC}") = "Freestylecoding.MockDatabase.Test", "Freestylecoding.MockDatabase.Test\Freestylecoding.MockDatabase.Test.csproj", "{D3ABCE81-B19E-4917-8BF9-2A3C67B22412}"
EndProject
Global
	GlobalSection(SolutionConfigurationPlatforms) = preSolution
		Debug|Any CPU = Debug|Any CPU
		Release|Any CPU = Release|Any CPU
	EndGlobalSection
	GlobalSection(ProjectConfigurationPlatforms) = postSolution
		{690456DA-11C6-4C63-A599-F586DFC0C038}.Debug|Any CPU.ActiveCfg = Debug|Any CPU
		{690456DA-11C6-4C63-A599-F586DFC0C038}.Debug|Any CPU.Build.0 = Debug|Any CPU
		{690456DA-11C6-4C63-A599-F586DFC0C038}.Release|Any CPU.ActiveCfg = Release|Any CPU
		{690456DA-11C6-4C63-A599-F586DFC0C038}.Release|Any CPU.Build.0 = Release|Any CPU
		{D3ABCE81-B19E-4917-8BF9-2A3C67B22412}.Debug|Any CPU.ActiveCfg = Debug|Any CPU
		{D3ABCE81-B19E-4917-8BF9-2A3C67B22412}.Debug|Any CPU.Build.0 = Debug|Any CPU
		{D3ABCE81-B19E-4917-8BF9-2A3C67B22412}.Release|Any CPU.ActiveCfg = Release|Any CPU
		{D3ABCE81-B19E-4917-8BF9-2A3C67B22412}.Release|Any CPU.Build.0 = Release|Any CPU
	EndGlobalSection
	GlobalSection(SolutionProperties) = preSolution
		HideSolutionNode = FALSE
	EndGlobalSection
	GlobalSection(ExtensibilityGlobals) = postSolution
		SolutionGuid = {F3ADBD58-0278-4694-8E9B-80594B6A540B}
	EndGlobalSection
EndGlobal
